
Microsoft Visual Studio Solution File, Format Version 12.00
# Visual Studio Version 17
VisualStudioVersion = 17.12.35527.113
MinimumVisualStudioVersion = 10.0.40219.1
Project("{FAE04EC0-301F-11D3-BF4B-00C04F79EFBC}") = "Threads_Practice", "Threads_Practice\Threads_Practice.csproj", "{3C883CA7-5948-4AFA-80F7-237ECAC0B1A8}"
EndProject
Project("{FAE04EC0-301F-11D3-BF4B-00C04F79EFBC}") = "20250506_Task1", "20250506_Task1\20250506_Task1.csproj", "{ACC3A6E2-D4BD-428B-9E79-CD5729E9AA4F}"
EndProject
Project("{FAE04EC0-301F-11D3-BF4B-00C04F79EFBC}") = "20250509_Task2", "20250509_Task2\20250509_Task2.csproj", "{0544922F-5322-4E78-8DF5-999C9FABF16A}"
EndProject
Project("{FAE04EC0-301F-11D3-BF4B-00C04F79EFBC}") = "20250509_Task3", "20250509_Task3\20250509_Task3.csproj", "{7572E398-7851-4624-95AB-97DBCBFE8ABC}"
EndProject
Project("{FAE04EC0-301F-11D3-BF4B-00C04F79EFBC}") = "20250509_Task4", "20250509_Task4\20250509_Task4.csproj", "{D6A62640-9084-4392-BC17-6D37ED2D469E}"
EndProject
Project("{FAE04EC0-301F-11D3-BF4B-00C04F79EFBC}") = "20250509_Task5", "20250509_Task5\20250509_Task5.csproj", "{005BE931-55E0-44D6-8FAC-4D92E93CC1CE}"
EndProject
Project("{FAE04EC0-301F-11D3-BF4B-00C04F79EFBC}") = "20250509_Task6", "20250509_Task6\20250509_Task6.csproj", "{9CAAE522-6D95-4E9C-ACE9-A56C0B3E19C7}"
EndProject
Project("{FAE04EC0-301F-11D3-BF4B-00C04F79EFBC}") = "20250510_Task7", "20250510_Task7\20250510_Task7.csproj", "{8708AAF0-27BA-452E-AAB6-B68109C834B9}"
EndProject
Project("{FAE04EC0-301F-11D3-BF4B-00C04F79EFBC}") = "20250510_Task8", "20250510_Task8\20250510_Task8.csproj", "{6D331E89-81B2-4950-8415-9CB46D715921}"
EndProject
Project("{FAE04EC0-301F-11D3-BF4B-00C04F79EFBC}") = "20250510_Task9", "20250510_Task9\20250510_Task9.csproj", "{425CBD77-1173-4CD4-8101-21581FBCFD9C}"
EndProject
Global
	GlobalSection(SolutionConfigurationPlatforms) = preSolution
		Debug|Any CPU = Debug|Any CPU
		Release|Any CPU = Release|Any CPU
	EndGlobalSection
	GlobalSection(ProjectConfigurationPlatforms) = postSolution
		{3C883CA7-5948-4AFA-80F7-237ECAC0B1A8}.Debug|Any CPU.ActiveCfg = Debug|Any CPU
		{3C883CA7-5948-4AFA-80F7-237ECAC0B1A8}.Debug|Any CPU.Build.0 = Debug|Any CPU
		{3C883CA7-5948-4AFA-80F7-237ECAC0B1A8}.Release|Any CPU.ActiveCfg = Release|Any CPU
		{3C883CA7-5948-4AFA-80F7-237ECAC0B1A8}.Release|Any CPU.Build.0 = Release|Any CPU
		{ACC3A6E2-D4BD-428B-9E79-CD5729E9AA4F}.Debug|Any CPU.ActiveCfg = Debug|Any CPU
		{ACC3A6E2-D4BD-428B-9E79-CD5729E9AA4F}.Debug|Any CPU.Build.0 = Debug|Any CPU
		{ACC3A6E2-D4BD-428B-9E79-CD5729E9AA4F}.Release|Any CPU.ActiveCfg = Release|Any CPU
		{ACC3A6E2-D4BD-428B-9E79-CD5729E9AA4F}.Release|Any CPU.Build.0 = Release|Any CPU
		{0544922F-5322-4E78-8DF5-999C9FABF16A}.Debug|Any CPU.ActiveCfg = Debug|Any CPU
		{0544922F-5322-4E78-8DF5-999C9FABF16A}.Debug|Any CPU.Build.0 = Debug|Any CPU
		{0544922F-5322-4E78-8DF5-999C9FABF16A}.Release|Any CPU.ActiveCfg = Release|Any CPU
		{0544922F-5322-4E78-8DF5-999C9FABF16A}.Release|Any CPU.Build.0 = Release|Any CPU
		{7572E398-7851-4624-95AB-97DBCBFE8ABC}.Debug|Any CPU.ActiveCfg = Debug|Any CPU
		{7572E398-7851-4624-95AB-97DBCBFE8ABC}.Debug|Any CPU.Build.0 = Debug|Any CPU
		{7572E398-7851-4624-95AB-97DBCBFE8ABC}.Release|Any CPU.ActiveCfg = Release|Any CPU
		{7572E398-7851-4624-95AB-97DBCBFE8ABC}.Release|Any CPU.Build.0 = Release|Any CPU
		{D6A62640-9084-4392-BC17-6D37ED2D469E}.Debug|Any CPU.ActiveCfg = Debug|Any CPU
		{D6A62640-9084-4392-BC17-6D37ED2D469E}.Debug|Any CPU.Build.0 = Debug|Any CPU
		{D6A62640-9084-4392-BC17-6D37ED2D469E}.Release|Any CPU.ActiveCfg = Release|Any CPU
		{D6A62640-9084-4392-BC17-6D37ED2D469E}.Release|Any CPU.Build.0 = Release|Any CPU
		{005BE931-55E0-44D6-8FAC-4D92E93CC1CE}.Debug|Any CPU.ActiveCfg = Debug|Any CPU
		{005BE931-55E0-44D6-8FAC-4D92E93CC1CE}.Debug|Any CPU.Build.0 = Debug|Any CPU
		{005BE931-55E0-44D6-8FAC-4D92E93CC1CE}.Release|Any CPU.ActiveCfg = Release|Any CPU
		{005BE931-55E0-44D6-8FAC-4D92E93CC1CE}.Release|Any CPU.Build.0 = Release|Any CPU
		{9CAAE522-6D95-4E9C-ACE9-A56C0B3E19C7}.Debug|Any CPU.ActiveCfg = Debug|Any CPU
		{9CAAE522-6D95-4E9C-ACE9-A56C0B3E19C7}.Debug|Any CPU.Build.0 = Debug|Any CPU
		{9CAAE522-6D95-4E9C-ACE9-A56C0B3E19C7}.Release|Any CPU.ActiveCfg = Release|Any CPU
		{9CAAE522-6D95-4E9C-ACE9-A56C0B3E19C7}.Release|Any CPU.Build.0 = Release|Any CPU
		{8708AAF0-27BA-452E-AAB6-B68109C834B9}.Debug|Any CPU.ActiveCfg = Debug|Any CPU
		{8708AAF0-27BA-452E-AAB6-B68109C834B9}.Debug|Any CPU.Build.0 = Debug|Any CPU
		{8708AAF0-27BA-452E-AAB6-B68109C834B9}.Release|Any CPU.ActiveCfg = Release|Any CPU
		{8708AAF0-27BA-452E-AAB6-B68109C834B9}.Release|Any CPU.Build.0 = Release|Any CPU
		{6D331E89-81B2-4950-8415-9CB46D715921}.Debug|Any CPU.ActiveCfg = Debug|Any CPU
		{6D331E89-81B2-4950-8415-9CB46D715921}.Debug|Any CPU.Build.0 = Debug|Any CPU
		{6D331E89-81B2-4950-8415-9CB46D715921}.Release|Any CPU.ActiveCfg = Release|Any CPU
		{6D331E89-81B2-4950-8415-9CB46D715921}.Release|Any CPU.Build.0 = Release|Any CPU
		{425CBD77-1173-4CD4-8101-21581FBCFD9C}.Debug|Any CPU.ActiveCfg = Debug|Any CPU
		{425CBD77-1173-4CD4-8101-21581FBCFD9C}.Debug|Any CPU.Build.0 = Debug|Any CPU
		{425CBD77-1173-4CD4-8101-21581FBCFD9C}.Release|Any CPU.ActiveCfg = Release|Any CPU
		{425CBD77-1173-4CD4-8101-21581FBCFD9C}.Release|Any CPU.Build.0 = Release|Any CPU
	EndGlobalSection
	GlobalSection(SolutionProperties) = preSolution
		HideSolutionNode = FALSE
	EndGlobalSection
EndGlobal
